// !$*UTF8*$!
{
	archiveVersion = 1;
	classes = {
	};
	objectVersion = 51;
	objects = {

/* Begin PBXBuildFile section */
		04D793F10B9DB0F49B39BC0C /* Pods_nineth.framework in Frameworks */ = {isa = PBXBuildFile; fileRef = 9A104AFB83F437A45F466B33 /* Pods_nineth.framework */; };
		95D671CE2409FD920047D263 /* AppDelegate.swift in Sources */ = {isa = PBXBuildFile; fileRef = 95D671CD2409FD920047D263 /* AppDelegate.swift */; };
		95D671D02409FD920047D263 /* SceneDelegate.swift in Sources */ = {isa = PBXBuildFile; fileRef = 95D671CF2409FD920047D263 /* SceneDelegate.swift */; };
		95D671D22409FD920047D263 /* ViewController.swift in Sources */ = {isa = PBXBuildFile; fileRef = 95D671D12409FD920047D263 /* ViewController.swift */; };
		95D671D52409FD920047D263 /* Main.storyboard in Resources */ = {isa = PBXBuildFile; fileRef = 95D671D32409FD920047D263 /* Main.storyboard */; };
		95D671D72409FD940047D263 /* Assets.xcassets in Resources */ = {isa = PBXBuildFile; fileRef = 95D671D62409FD940047D263 /* Assets.xcassets */; };
		95D671DA2409FD940047D263 /* LaunchScreen.storyboard in Resources */ = {isa = PBXBuildFile; fileRef = 95D671D82409FD940047D263 /* LaunchScreen.storyboard */; };
		95D671E22409FEE70047D263 /* GoogleService-Info.plist in Resources */ = {isa = PBXBuildFile; fileRef = 95D671E12409FEE70047D263 /* GoogleService-Info.plist */; };
/* End PBXBuildFile section */

/* Begin PBXFileReference section */
		2B46DF2A024A406D75DD1205 /* Pods-nineth.release.xcconfig */ = {isa = PBXFileReference; includeInIndex = 1; lastKnownFileType = text.xcconfig; name = "Pods-nineth.release.xcconfig"; path = "Target Support Files/Pods-nineth/Pods-nineth.release.xcconfig"; sourceTree = "<group>"; };
		95D671CA2409FD920047D263 /* nineth.app */ = {isa = PBXFileReference; explicitFileType = wrapper.application; includeInIndex = 0; path = nineth.app; sourceTree = BUILT_PRODUCTS_DIR; };
		95D671CD2409FD920047D263 /* AppDelegate.swift */ = {isa = PBXFileReference; lastKnownFileType = sourcecode.swift; path = AppDelegate.swift; sourceTree = "<group>"; };
		95D671CF2409FD920047D263 /* SceneDelegate.swift */ = {isa = PBXFileReference; lastKnownFileType = sourcecode.swift; path = SceneDelegate.swift; sourceTree = "<group>"; };
		95D671D12409FD920047D263 /* ViewController.swift */ = {isa = PBXFileReference; lastKnownFileType = sourcecode.swift; path = ViewController.swift; sourceTree = "<group>"; };
		95D671D42409FD920047D263 /* Base */ = {isa = PBXFileReference; lastKnownFileType = file.storyboard; name = Base; path = Base.lproj/Main.storyboard; sourceTree = "<group>"; };
		95D671D62409FD940047D263 /* Assets.xcassets */ = {isa = PBXFileReference; lastKnownFileType = folder.assetcatalog; path = Assets.xcassets; sourceTree = "<group>"; };
		95D671D92409FD940047D263 /* Base */ = {isa = PBXFileReference; lastKnownFileType = file.storyboard; name = Base; path = Base.lproj/LaunchScreen.storyboard; sourceTree = "<group>"; };
		95D671DB2409FD940047D263 /* Info.plist */ = {isa = PBXFileReference; lastKnownFileType = text.plist.xml; path = Info.plist; sourceTree = "<group>"; };
		95D671E12409FEE70047D263 /* GoogleService-Info.plist */ = {isa = PBXFileReference; fileEncoding = 4; lastKnownFileType = text.plist.xml; path = "GoogleService-Info.plist"; sourceTree = "<group>"; };
		9A104AFB83F437A45F466B33 /* Pods_nineth.framework */ = {isa = PBXFileReference; explicitFileType = wrapper.framework; includeInIndex = 0; path = Pods_nineth.framework; sourceTree = BUILT_PRODUCTS_DIR; };
		9C9739CCACC686D9D4545099 /* Pods-nineth.debug.xcconfig */ = {isa = PBXFileReference; includeInIndex = 1; lastKnownFileType = text.xcconfig; name = "Pods-nineth.debug.xcconfig"; path = "Target Support Files/Pods-nineth/Pods-nineth.debug.xcconfig"; sourceTree = "<group>"; };
/* End PBXFileReference section */

/* Begin PBXFrameworksBuildPhase section */
		95D671C72409FD920047D263 /* Frameworks */ = {
			isa = PBXFrameworksBuildPhase;
			buildActionMask = 2147483647;
			files = (
				04D793F10B9DB0F49B39BC0C /* Pods_nineth.framework in Frameworks */,
			);
			runOnlyForDeploymentPostprocessing = 0;
		};
/* End PBXFrameworksBuildPhase section */

/* Begin PBXGroup section */
		43D3B60832947EC1A6BA17D4 /* Pods */ = {
			isa = PBXGroup;
			children = (
				9C9739CCACC686D9D4545099 /* Pods-nineth.debug.xcconfig */,
				2B46DF2A024A406D75DD1205 /* Pods-nineth.release.xcconfig */,
			);
			path = Pods;
			sourceTree = "<group>";
		};
		5640173C0DFCE94F4C8EC5C3 /* Frameworks */ = {
			isa = PBXGroup;
			children = (
				9A104AFB83F437A45F466B33 /* Pods_nineth.framework */,
			);
			name = Frameworks;
			sourceTree = "<group>";
		};
		95D671C12409FD920047D263 = {
			isa = PBXGroup;
			children = (
				95D671CC2409FD920047D263 /* nineth */,
				95D671CB2409FD920047D263 /* Products */,
				43D3B60832947EC1A6BA17D4 /* Pods */,
				5640173C0DFCE94F4C8EC5C3 /* Frameworks */,
			);
			sourceTree = "<group>";
		};
		95D671CB2409FD920047D263 /* Products */ = {
			isa = PBXGroup;
			children = (
				95D671CA2409FD920047D263 /* nineth.app */,
			);
			name = Products;
			sourceTree = "<group>";
		};
		95D671CC2409FD920047D263 /* nineth */ = {
			isa = PBXGroup;
			children = (
				95D671CD2409FD920047D263 /* AppDelegate.swift */,
				95D671CF2409FD920047D263 /* SceneDelegate.swift */,
				95D671D12409FD920047D263 /* ViewController.swift */,
				95D671D32409FD920047D263 /* Main.storyboard */,
				95D671D62409FD940047D263 /* Assets.xcassets */,
				95D671D82409FD940047D263 /* LaunchScreen.storyboard */,
				95D671E12409FEE70047D263 /* GoogleService-Info.plist */,
				95D671DB2409FD940047D263 /* Info.plist */,
			);
			path = nineth;
			sourceTree = "<group>";
		};
/* End PBXGroup section */

/* Begin PBXNativeTarget section */
		95D671C92409FD920047D263 /* nineth */ = {
			isa = PBXNativeTarget;
			buildConfigurationList = 95D671DE2409FD940047D263 /* Build configuration list for PBXNativeTarget "nineth" */;
			buildPhases = (
				B4854E12D0E6A28AA5F9CF94 /* [CP] Check Pods Manifest.lock */,
				95D671C62409FD920047D263 /* Sources */,
				95D671C72409FD920047D263 /* Frameworks */,
				95D671C82409FD920047D263 /* Resources */,
				92EA403237241F014BD260B1 /* [CP] Embed Pods Frameworks */,
				60460B5D75C053F538B01985 /* [CP] Copy Pods Resources */,
			);
			buildRules = (
			);
			dependencies = (
			);
			name = nineth;
			productName = nineth;
			productReference = 95D671CA2409FD920047D263 /* nineth.app */;
			productType = "com.apple.product-type.application";
		};
/* End PBXNativeTarget section */

/* Begin PBXProject section */
		95D671C22409FD920047D263 /* Project object */ = {
			isa = PBXProject;
			attributes = {
				LastSwiftUpdateCheck = 1130;
				LastUpgradeCheck = 1130;
				ORGANIZATIONNAME = "Yuki Shinohara";
				TargetAttributes = {
					95D671C92409FD920047D263 = {
						CreatedOnToolsVersion = 11.3.1;
					};
				};
			};
			buildConfigurationList = 95D671C52409FD920047D263 /* Build configuration list for PBXProject "nineth" */;
			compatibilityVersion = "Xcode 9.3";
			developmentRegion = en;
			hasScannedForEncodings = 0;
			knownRegions = (
				en,
				Base,
			);
			mainGroup = 95D671C12409FD920047D263;
			productRefGroup = 95D671CB2409FD920047D263 /* Products */;
			projectDirPath = "";
			projectRoot = "";
			targets = (
				95D671C92409FD920047D263 /* nineth */,
			);
		};
/* End PBXProject section */

/* Begin PBXResourcesBuildPhase section */
		95D671C82409FD920047D263 /* Resources */ = {
			isa = PBXResourcesBuildPhase;
			buildActionMask = 2147483647;
			files = (
				95D671DA2409FD940047D263 /* LaunchScreen.storyboard in Resources */,
				95D671E22409FEE70047D263 /* GoogleService-Info.plist in Resources */,
				95D671D72409FD940047D263 /* Assets.xcassets in Resources */,
				95D671D52409FD920047D263 /* Main.storyboard in Resources */,
			);
			runOnlyForDeploymentPostprocessing = 0;
		};
/* End PBXResourcesBuildPhase section */

/* Begin PBXShellScriptBuildPhase section */
		60460B5D75C053F538B01985 /* [CP] Copy Pods Resources */ = {
			isa = PBXShellScriptBuildPhase;
			buildActionMask = 2147483647;
			files = (
			);
			inputFileListPaths = (
				"${PODS_ROOT}/Target Support Files/Pods-nineth/Pods-nineth-resources-${CONFIGURATION}-input-files.xcfilelist",
			);
			name = "[CP] Copy Pods Resources";
			outputFileListPaths = (
				"${PODS_ROOT}/Target Support Files/Pods-nineth/Pods-nineth-resources-${CONFIGURATION}-output-files.xcfilelist",
			);
			runOnlyForDeploymentPostprocessing = 0;
			shellPath = /bin/sh;
			shellScript = "\"${PODS_ROOT}/Target Support Files/Pods-nineth/Pods-nineth-resources.sh\"\n";
			showEnvVarsInLog = 0;
		};
		92EA403237241F014BD260B1 /* [CP] Embed Pods Frameworks */ = {
			isa = PBXShellScriptBuildPhase;
			buildActionMask = 2147483647;
			files = (
			);
			inputFileListPaths = (
				"${PODS_ROOT}/Target Support Files/Pods-nineth/Pods-nineth-frameworks-${CONFIGURATION}-input-files.xcfilelist",
			);
			name = "[CP] Embed Pods Frameworks";
			outputFileListPaths = (
				"${PODS_ROOT}/Target Support Files/Pods-nineth/Pods-nineth-frameworks-${CONFIGURATION}-output-files.xcfilelist",
			);
			runOnlyForDeploymentPostprocessing = 0;
			shellPath = /bin/sh;
			shellScript = "\"${PODS_ROOT}/Target Support Files/Pods-nineth/Pods-nineth-frameworks.sh\"\n";
			showEnvVarsInLog = 0;
		};
		B4854E12D0E6A28AA5F9CF94 /* [CP] Check Pods Manifest.lock */ = {
			isa = PBXShellScriptBuildPhase;
			buildActionMask = 2147483647;
			files = (
			);
			inputFileListPaths = (
			);
			inputPaths = (
				"${PODS_PODFILE_DIR_PATH}/Podfile.lock",
				"${PODS_ROOT}/Manifest.lock",
			);
			name = "[CP] Check Pods Manifest.lock";
			outputFileListPaths = (
			);
			outputPaths = (
				"$(DERIVED_FILE_DIR)/Pods-nineth-checkManifestLockResult.txt",
			);
			runOnlyForDeploymentPostprocessing = 0;
			shellPath = /bin/sh;
			shellScript = "diff \"${PODS_PODFILE_DIR_PATH}/Podfile.lock\" \"${PODS_ROOT}/Manifest.lock\" > /dev/null\nif [ $? != 0 ] ; then\n    # print error to STDERR\n    echo \"error: The sandbox is not in sync with the Podfile.lock. Run 'pod install' or update your CocoaPods installation.\" >&2\n    exit 1\nfi\n# This output is used by Xcode 'outputs' to avoid re-running this script phase.\necho \"SUCCESS\" > \"${SCRIPT_OUTPUT_FILE_0}\"\n";
			showEnvVarsInLog = 0;
		};
/* End PBXShellScriptBuildPhase section */

/* Begin PBXSourcesBuildPhase section */
		95D671C62409FD920047D263 /* Sources */ = {
			isa = PBXSourcesBuildPhase;
			buildActionMask = 2147483647;
			files = (
				95D671D22409FD920047D263 /* ViewController.swift in Sources */,
				95D671CE2409FD920047D263 /* AppDelegate.swift in Sources */,
				95D671D02409FD920047D263 /* SceneDelegate.swift in Sources */,
			);
			runOnlyForDeploymentPostprocessing = 0;
		};
/* End PBXSourcesBuildPhase section */

/* Begin PBXVariantGroup section */
		95D671D32409FD920047D263 /* Main.storyboard */ = {
			isa = PBXVariantGroup;
			children = (
				95D671D42409FD920047D263 /* Base */,
			);
			name = Main.storyboard;
			sourceTree = "<group>";
		};
		95D671D82409FD940047D263 /* LaunchScreen.storyboard */ = {
			isa = PBXVariantGroup;
			children = (
				95D671D92409FD940047D263 /* Base */,
			);
			name = LaunchScreen.storyboard;
			sourceTree = "<group>";
		};
/* End PBXVariantGroup section */

/* Begin XCBuildConfiguration section */
		95D671DC2409FD940047D263 /* Debug */ = {
			isa = XCBuildConfiguration;
			buildSettings = {
				ALWAYS_SEARCH_USER_PATHS = NO;
				CLANG_ANALYZER_NONNULL = YES;
				CLANG_ANALYZER_NUMBER_OBJECT_CONVERSION = YES_AGGRESSIVE;
				CLANG_CXX_LANGUAGE_STANDARD = "gnu++14";
				CLANG_CXX_LIBRARY = "libc++";
				CLANG_ENABLE_MODULES = YES;
				CLANG_ENABLE_OBJC_ARC = YES;
				CLANG_ENABLE_OBJC_WEAK = YES;
				CLANG_WARN_BLOCK_CAPTURE_AUTORELEASING = YES;
				CLANG_WARN_BOOL_CONVERSION = YES;
				CLANG_WARN_COMMA = YES;
				CLANG_WARN_CONSTANT_CONVERSION = YES;
				CLANG_WARN_DEPRECATED_OBJC_IMPLEMENTATIONS = YES;
				CLANG_WARN_DIRECT_OBJC_ISA_USAGE = YES_ERROR;
				CLANG_WARN_DOCUMENTATION_COMMENTS = YES;
				CLANG_WARN_EMPTY_BODY = YES;
				CLANG_WARN_ENUM_CONVERSION = YES;
				CLANG_WARN_INFINITE_RECURSION = YES;
				CLANG_WARN_INT_CONVERSION = YES;
				CLANG_WARN_NON_LITERAL_NULL_CONVERSION = YES;
				CLANG_WARN_OBJC_IMPLICIT_RETAIN_SELF = YES;
				CLANG_WARN_OBJC_LITERAL_CONVERSION = YES;
				CLANG_WARN_OBJC_ROOT_CLASS = YES_ERROR;
				CLANG_WARN_RANGE_LOOP_ANALYSIS = YES;
				CLANG_WARN_STRICT_PROTOTYPES = YES;
				CLANG_WARN_SUSPICIOUS_MOVE = YES;
				CLANG_WARN_UNGUARDED_AVAILABILITY = YES_AGGRESSIVE;
				CLANG_WARN_UNREACHABLE_CODE = YES;
				CLANG_WARN__DUPLICATE_METHOD_MATCH = YES;
				COPY_PHASE_STRIP = NO;
				DEBUG_INFORMATION_FORMAT = dwarf;
				ENABLE_STRICT_OBJC_MSGSEND = YES;
				ENABLE_TESTABILITY = YES;
				GCC_C_LANGUAGE_STANDARD = gnu11;
				GCC_DYNAMIC_NO_PIC = NO;
				GCC_NO_COMMON_BLOCKS = YES;
				GCC_OPTIMIZATION_LEVEL = 0;
				GCC_PREPROCESSOR_DEFINITIONS = (
					"DEBUG=1",
					"$(inherited)",
				);
				GCC_WARN_64_TO_32_BIT_CONVERSION = YES;
				GCC_WARN_ABOUT_RETURN_TYPE = YES_ERROR;
				GCC_WARN_UNDECLARED_SELECTOR = YES;
				GCC_WARN_UNINITIALIZED_AUTOS = YES_AGGRESSIVE;
				GCC_WARN_UNUSED_FUNCTION = YES;
				GCC_WARN_UNUSED_VARIABLE = YES;
				IPHONEOS_DEPLOYMENT_TARGET = 13.2;
				MTL_ENABLE_DEBUG_INFO = INCLUDE_SOURCE;
				MTL_FAST_MATH = YES;
				ONLY_ACTIVE_ARCH = YES;
				SDKROOT = iphoneos;
				SWIFT_ACTIVE_COMPILATION_CONDITIONS = DEBUG;
				SWIFT_OPTIMIZATION_LEVEL = "-Onone";
			};
			name = Debug;
		};
		95D671DD2409FD940047D263 /* Release */ = {
			isa = XCBuildConfiguration;
			buildSettings = {
				ALWAYS_SEARCH_USER_PATHS = NO;
				CLANG_ANALYZER_NONNULL = YES;
				CLANG_ANALYZER_NUMBER_OBJECT_CONVERSION = YES_AGGRESSIVE;
				CLANG_CXX_LANGUAGE_STANDARD = "gnu++14";
				CLANG_CXX_LIBRARY = "libc++";
				CLANG_ENABLE_MODULES = YES;
				CLANG_ENABLE_OBJC_ARC = YES;
				CLANG_ENABLE_OBJC_WEAK = YES;
				CLANG_WARN_BLOCK_CAPTURE_AUTORELEASING = YES;
				CLANG_WARN_BOOL_CONVERSION = YES;
				CLANG_WARN_COMMA = YES;
				CLANG_WARN_CONSTANT_CONVERSION = YES;
				CLANG_WARN_DEPRECATED_OBJC_IMPLEMENTATIONS = YES;
				CLANG_WARN_DIRECT_OBJC_ISA_USAGE = YES_ERROR;
				CLANG_WARN_DOCUMENTATION_COMMENTS = YES;
				CLANG_WARN_EMPTY_BODY = YES;
				CLANG_WARN_ENUM_CONVERSION = YES;
				CLANG_WARN_INFINITE_RECURSION = YES;
				CLANG_WARN_INT_CONVERSION = YES;
				CLANG_WARN_NON_LITERAL_NULL_CONVERSION = YES;
				CLANG_WARN_OBJC_IMPLICIT_RETAIN_SELF = YES;
				CLANG_WARN_OBJC_LITERAL_CONVERSION = YES;
				CLANG_WARN_OBJC_ROOT_CLASS = YES_ERROR;
				CLANG_WARN_RANGE_LOOP_ANALYSIS = YES;
				CLANG_WARN_STRICT_PROTOTYPES = YES;
				CLANG_WARN_SUSPICIOUS_MOVE = YES;
				CLANG_WARN_UNGUARDED_AVAILABILITY = YES_AGGRESSIVE;
				CLANG_WARN_UNREACHABLE_CODE = YES;
				CLANG_WARN__DUPLICATE_METHOD_MATCH = YES;
				COPY_PHASE_STRIP = NO;
				DEBUG_INFORMATION_FORMAT = "dwarf-with-dsym";
				ENABLE_NS_ASSERTIONS = NO;
				ENABLE_STRICT_OBJC_MSGSEND = YES;
				GCC_C_LANGUAGE_STANDARD = gnu11;
				GCC_NO_COMMON_BLOCKS = YES;
				GCC_WARN_64_TO_32_BIT_CONVERSION = YES;
				GCC_WARN_ABOUT_RETURN_TYPE = YES_ERROR;
				GCC_WARN_UNDECLARED_SELECTOR = YES;
				GCC_WARN_UNINITIALIZED_AUTOS = YES_AGGRESSIVE;
				GCC_WARN_UNUSED_FUNCTION = YES;
				GCC_WARN_UNUSED_VARIABLE = YES;
				IPHONEOS_DEPLOYMENT_TARGET = 13.2;
				MTL_ENABLE_DEBUG_INFO = NO;
				MTL_FAST_MATH = YES;
				SDKROOT = iphoneos;
				SWIFT_COMPILATION_MODE = wholemodule;
				SWIFT_OPTIMIZATION_LEVEL = "-O";
				VALIDATE_PRODUCT = YES;
			};
			name = Release;
		};
		95D671DF2409FD940047D263 /* Debug */ = {
			isa = XCBuildConfiguration;
			baseConfigurationReference = 9C9739CCACC686D9D4545099 /* Pods-nineth.debug.xcconfig */;
			buildSettings = {
				ASSETCATALOG_COMPILER_APPICON_NAME = AppIcon;
				CODE_SIGN_STYLE = Automatic;
				DEVELOPMENT_TEAM = 7RFPAQ2NAA;
				INFOPLIST_FILE = nineth/Info.plist;
				LD_RUNPATH_SEARCH_PATHS = (
					"$(inherited)",
					"@executable_path/Frameworks",
				);
				PRODUCT_BUNDLE_IDENTIFIER = com.shino.nineth;
				PRODUCT_NAME = "$(TARGET_NAME)";
				SWIFT_VERSION = 5.0;
				TARGETED_DEVICE_FAMILY = "1,2";
			};
			name = Debug;
		};
		95D671E02409FD940047D263 /* Release */ = {
			isa = XCBuildConfiguration;
			baseConfigurationReference = 2B46DF2A024A406D75DD1205 /* Pods-nineth.release.xcconfig */;
			buildSettings = {
				ASSETCATALOG_COMPILER_APPICON_NAME = AppIcon;
				CODE_SIGN_STYLE = Automatic;
				DEVELOPMENT_TEAM = 7RFPAQ2NAA;
				INFOPLIST_FILE = nineth/Info.plist;
				LD_RUNPATH_SEARCH_PATHS = (
					"$(inherited)",
					"@executable_path/Frameworks",
				);
				PRODUCT_BUNDLE_IDENTIFIER = com.shino.nineth;
				PRODUCT_NAME = "$(TARGET_NAME)";
				SWIFT_VERSION = 5.0;
				TARGETED_DEVICE_FAMILY = "1,2";
			};
			name = Release;
		};
/* End XCBuildConfiguration section */

/* Begin XCConfigurationList section */
		95D671C52409FD920047D263 /* Build configuration list for PBXProject "nineth" */ = {
			isa = XCConfigurationList;
			buildConfigurations = (
				95D671DC2409FD940047D263 /* Debug */,
				95D671DD2409FD940047D263 /* Release */,
			);
			defaultConfigurationIsVisible = 0;
			defaultConfigurationName = Release;
		};
		95D671DE2409FD940047D263 /* Build configuration list for PBXNativeTarget "nineth" */ = {
			isa = XCConfigurationList;
			buildConfigurations = (
				95D671DF2409FD940047D263 /* Debug */,
				95D671E02409FD940047D263 /* Release */,
			);
			defaultConfigurationIsVisible = 0;
			defaultConfigurationName = Release;
		};
/* End XCConfigurationList section */
	};
	rootObject = 95D671C22409FD920047D263 /* Project object */;
}
